
Microsoft Visual Studio Solution File, Format Version 12.00
# Visual Studio Version 17
VisualStudioVersion = 17.4.33103.184
MinimumVisualStudioVersion = 10.0.40219.1
Project("{9A19103F-16F7-4668-BE54-9A1E7A4F7556}") = "WPFStudyProject", "WPFStudyProject\WPFStudyProject.csproj", "{83371C5C-3861-4FBB-838A-F5E70BDA6E69}"
EndProject
Project("{2150E333-8FDC-42A3-9474-1A3956D46DE8}") = "Tests", "Tests", "{20B4A635-9B09-42F1-8111-9A3D3E093AF2}"
EndProject
Project("{9A19103F-16F7-4668-BE54-9A1E7A4F7556}") = "WPFConsole", "Tests\WPFConsole\WPFConsole.csproj", "{289821BC-4C37-4977-9773-A809C470DFF7}"
EndProject
Project("{9A19103F-16F7-4668-BE54-9A1E7A4F7556}") = "WPFTests", "Tests\WPFTests\WPFTests.csproj", "{E84DE2A9-892E-4A8D-A20B-4C1C4BFA1A0E}"
EndProject
Project("{FAE04EC0-301F-11D3-BF4B-00C04F79EFBC}") = "TestLib", "Tests\TestLib\TestLib.csproj", "{DD12ACD4-0E73-491E-B69F-144C42E2413C}"
EndProject
Project("{FAE04EC0-301F-11D3-BF4B-00C04F79EFBC}") = "TestLibFramework", "TestLibFramework\TestLibFramework.csproj", "{3E0C49A3-C0DA-4BFD-906E-F5DB5E892618}"
EndProject
Global
	GlobalSection(SolutionConfigurationPlatforms) = preSolution
		Debug|Any CPU = Debug|Any CPU
		Release|Any CPU = Release|Any CPU
	EndGlobalSection
	GlobalSection(ProjectConfigurationPlatforms) = postSolution
		{83371C5C-3861-4FBB-838A-F5E70BDA6E69}.Debug|Any CPU.ActiveCfg = Debug|Any CPU
		{83371C5C-3861-4FBB-838A-F5E70BDA6E69}.Debug|Any CPU.Build.0 = Debug|Any CPU
		{83371C5C-3861-4FBB-838A-F5E70BDA6E69}.Release|Any CPU.ActiveCfg = Release|Any CPU
		{83371C5C-3861-4FBB-838A-F5E70BDA6E69}.Release|Any CPU.Build.0 = Release|Any CPU
		{289821BC-4C37-4977-9773-A809C470DFF7}.Debug|Any CPU.ActiveCfg = Debug|Any CPU
		{289821BC-4C37-4977-9773-A809C470DFF7}.Debug|Any CPU.Build.0 = Debug|Any CPU
		{289821BC-4C37-4977-9773-A809C470DFF7}.Release|Any CPU.ActiveCfg = Release|Any CPU
		{289821BC-4C37-4977-9773-A809C470DFF7}.Release|Any CPU.Build.0 = Release|Any CPU
		{E84DE2A9-892E-4A8D-A20B-4C1C4BFA1A0E}.Debug|Any CPU.ActiveCfg = Debug|Any CPU
		{E84DE2A9-892E-4A8D-A20B-4C1C4BFA1A0E}.Debug|Any CPU.Build.0 = Debug|Any CPU
		{E84DE2A9-892E-4A8D-A20B-4C1C4BFA1A0E}.Release|Any CPU.ActiveCfg = Release|Any CPU
		{E84DE2A9-892E-4A8D-A20B-4C1C4BFA1A0E}.Release|Any CPU.Build.0 = Release|Any CPU
		{DD12ACD4-0E73-491E-B69F-144C42E2413C}.Debug|Any CPU.ActiveCfg = Debug|Any CPU
		{DD12ACD4-0E73-491E-B69F-144C42E2413C}.Debug|Any CPU.Build.0 = Debug|Any CPU
		{DD12ACD4-0E73-491E-B69F-144C42E2413C}.Release|Any CPU.ActiveCfg = Release|Any CPU
		{DD12ACD4-0E73-491E-B69F-144C42E2413C}.Release|Any CPU.Build.0 = Release|Any CPU
		{3E0C49A3-C0DA-4BFD-906E-F5DB5E892618}.Debug|Any CPU.ActiveCfg = Debug|Any CPU
		{3E0C49A3-C0DA-4BFD-906E-F5DB5E892618}.Debug|Any CPU.Build.0 = Debug|Any CPU
		{3E0C49A3-C0DA-4BFD-906E-F5DB5E892618}.Release|Any CPU.ActiveCfg = Release|Any CPU
		{3E0C49A3-C0DA-4BFD-906E-F5DB5E892618}.Release|Any CPU.Build.0 = Release|Any CPU
	EndGlobalSection
	GlobalSection(SolutionProperties) = preSolution
		HideSolutionNode = FALSE
	EndGlobalSection
	GlobalSection(NestedProjects) = preSolution
		{289821BC-4C37-4977-9773-A809C470DFF7} = {20B4A635-9B09-42F1-8111-9A3D3E093AF2}
		{E84DE2A9-892E-4A8D-A20B-4C1C4BFA1A0E} = {20B4A635-9B09-42F1-8111-9A3D3E093AF2}
		{DD12ACD4-0E73-491E-B69F-144C42E2413C} = {20B4A635-9B09-42F1-8111-9A3D3E093AF2}
		{3E0C49A3-C0DA-4BFD-906E-F5DB5E892618} = {20B4A635-9B09-42F1-8111-9A3D3E093AF2}
	EndGlobalSection
	GlobalSection(ExtensibilityGlobals) = postSolution
		SolutionGuid = {D5D5B64A-D3FC-453E-971E-C8743DC6047D}
	EndGlobalSection
EndGlobal
